// !$*UTF8*$!
{
	archiveVersion = 1;
	classes = {
	};
	objectVersion = 48;
	objects = {

/* Begin PBXBuildFile section */
		145B66C51FC19D4700CC934C /* Assets.xcassets in Resources */ = {isa = PBXBuildFile; fileRef = 145B66A81FC19D4700CC934C /* Assets.xcassets */; };
		145B66C61FC19D4700CC934C /* LaunchScreen.storyboard in Resources */ = {isa = PBXBuildFile; fileRef = 145B66A91FC19D4700CC934C /* LaunchScreen.storyboard */; };
		145B66C91FC19D4700CC934C /* AppDelegate.swift in Sources */ = {isa = PBXBuildFile; fileRef = 145B66AF1FC19D4700CC934C /* AppDelegate.swift */; };
		145B66CC1FC19EFF00CC934C /* Constants.swift in Sources */ = {isa = PBXBuildFile; fileRef = 145B66CB1FC19EFF00CC934C /* Constants.swift */; };
		145B66CE1FC19F2700CC934C /* UIColor+iMusic.swift in Sources */ = {isa = PBXBuildFile; fileRef = 145B66CD1FC19F2700CC934C /* UIColor+iMusic.swift */; };
		145B66D01FC1A0A000CC934C /* APIClient.swift in Sources */ = {isa = PBXBuildFile; fileRef = 145B66CF1FC1A0A000CC934C /* APIClient.swift */; };
		145B66D21FC1A22D00CC934C /* UIImageView+URLImage.swift in Sources */ = {isa = PBXBuildFile; fileRef = 145B66D11FC1A22D00CC934C /* UIImageView+URLImage.swift */; };
		145B66D41FC1A26400CC934C /* String+Localizables.swift in Sources */ = {isa = PBXBuildFile; fileRef = 145B66D31FC1A26400CC934C /* String+Localizables.swift */; };
		145B66D61FC1A28D00CC934C /* MainRouter.swift in Sources */ = {isa = PBXBuildFile; fileRef = 145B66D51FC1A28D00CC934C /* MainRouter.swift */; };
		145B66F01FC2149600CC934C /* Localizable.strings in Resources */ = {isa = PBXBuildFile; fileRef = 145B66F21FC2149600CC934C /* Localizable.strings */; };
		2E07F22E2F10156161084412 /* Pods_iMusic.framework in Frameworks */ = {isa = PBXBuildFile; fileRef = 20AC2A7DCEEB5AA1F0CB7F88 /* Pods_iMusic.framework */; };
		A11A6AFC21F0762400FDAC46 /* Pagination.swift in Sources */ = {isa = PBXBuildFile; fileRef = A11A6AFB21F0762400FDAC46 /* Pagination.swift */; };
		A11A6AFE21F0DC8900FDAC46 /* UIView+iMusic.swift in Sources */ = {isa = PBXBuildFile; fileRef = A11A6AFD21F0DC8900FDAC46 /* UIView+iMusic.swift */; };
		A11CD3A321EDC80400F0C6D4 /* APIRequest.swift in Sources */ = {isa = PBXBuildFile; fileRef = A11CD3A221EDC80400F0C6D4 /* APIRequest.swift */; };
		A11CD3A721EDCB9B00F0C6D4 /* APIError.swift in Sources */ = {isa = PBXBuildFile; fileRef = A11CD3A621EDCB9B00F0C6D4 /* APIError.swift */; };
		A11CD3AB21EDD04100F0C6D4 /* Result.swift in Sources */ = {isa = PBXBuildFile; fileRef = A11CD3AA21EDD04100F0C6D4 /* Result.swift */; };
		A11CD3AD21EDD60300F0C6D4 /* FetchSearch.swift in Sources */ = {isa = PBXBuildFile; fileRef = A11CD3AC21EDD60300F0C6D4 /* FetchSearch.swift */; };
		A11CD3AF21EDEAD000F0C6D4 /* DiscogsAPI.swift in Sources */ = {isa = PBXBuildFile; fileRef = A11CD3AE21EDEAD000F0C6D4 /* DiscogsAPI.swift */; };
		A11CD3B121EDEBBB00F0C6D4 /* API.swift in Sources */ = {isa = PBXBuildFile; fileRef = A11CD3B021EDEBBB00F0C6D4 /* API.swift */; };
		A11CD3B821EE2BC200F0C6D4 /* URLQueryItemEncoder.swift in Sources */ = {isa = PBXBuildFile; fileRef = A11CD3B721EE2BC200F0C6D4 /* URLQueryItemEncoder.swift */; };
		A11CD3BA21EE2BF300F0C6D4 /* HTTPParameter.swift in Sources */ = {isa = PBXBuildFile; fileRef = A11CD3B921EE2BF300F0C6D4 /* HTTPParameter.swift */; };
		A11E5CCE21F1FADF0006C200 /* SearchDataSourceTests.swift in Sources */ = {isa = PBXBuildFile; fileRef = A11E5CCD21F1FADF0006C200 /* SearchDataSourceTests.swift */; };
		A11E5CD021F1FAF10006C200 /* SearchInteractorTests.swift in Sources */ = {isa = PBXBuildFile; fileRef = A11E5CCF21F1FAF10006C200 /* SearchInteractorTests.swift */; };
		A11E5CD221F1FAFB0006C200 /* SearchViewModelTests.swift in Sources */ = {isa = PBXBuildFile; fileRef = A11E5CD121F1FAFB0006C200 /* SearchViewModelTests.swift */; };
		A11E5CD421F1FB070006C200 /* APIClientTests.swift in Sources */ = {isa = PBXBuildFile; fileRef = A11E5CD321F1FB070006C200 /* APIClientTests.swift */; };
		A163804621ECA53300C9BF9A /* UINavigationBar+iMusic.swift in Sources */ = {isa = PBXBuildFile; fileRef = A163804521ECA53300C9BF9A /* UINavigationBar+iMusic.swift */; };
		A163805521ECD36600C9BF9A /* Search.swift in Sources */ = {isa = PBXBuildFile; fileRef = A163805421ECD36600C9BF9A /* Search.swift */; };
		A1C18C21208A15EC008CC69B /* SearchCellViewModel.swift in Sources */ = {isa = PBXBuildFile; fileRef = A1C18C07208A15EC008CC69B /* SearchCellViewModel.swift */; };
		A1C18C22208A15EC008CC69B /* SearchViewModel.swift in Sources */ = {isa = PBXBuildFile; fileRef = A1C18C08208A15EC008CC69B /* SearchViewModel.swift */; };
		A1C18C23208A15EC008CC69B /* SearchViewController.swift in Sources */ = {isa = PBXBuildFile; fileRef = A1C18C0A208A15EC008CC69B /* SearchViewController.swift */; };
		A1C18C24208A15EC008CC69B /* SearchTableViewCell.swift in Sources */ = {isa = PBXBuildFile; fileRef = A1C18C0B208A15EC008CC69B /* SearchTableViewCell.swift */; };
		A1C18C25208A15EC008CC69B /* SearchDataSource.swift in Sources */ = {isa = PBXBuildFile; fileRef = A1C18C0E208A15EC008CC69B /* SearchDataSource.swift */; };
		A1C18C26208A15EC008CC69B /* SearchRepository.swift in Sources */ = {isa = PBXBuildFile; fileRef = A1C18C10208A15EC008CC69B /* SearchRepository.swift */; };
		A1C18C29208A15EC008CC69B /* SearchInteractor.swift in Sources */ = {isa = PBXBuildFile; fileRef = A1C18C15208A15EC008CC69B /* SearchInteractor.swift */; };
		A1C18C2A208A15EC008CC69B /* SearchRouter.swift in Sources */ = {isa = PBXBuildFile; fileRef = A1C18C17208A15EC008CC69B /* SearchRouter.swift */; };
/* End PBXBuildFile section */

/* Begin PBXContainerItemProxy section */
		145B66991FC199A100CC934C /* PBXContainerItemProxy */ = {
			isa = PBXContainerItemProxy;
			containerPortal = 145B667C1FC199A100CC934C /* Project object */;
			proxyType = 1;
			remoteGlobalIDString = 145B66831FC199A100CC934C;
			remoteInfo = iMusic;
		};
/* End PBXContainerItemProxy section */

/* Begin PBXFileReference section */
		145B66841FC199A100CC934C /* iMusic.app */ = {isa = PBXFileReference; explicitFileType = wrapper.application; includeInIndex = 0; path = iMusic.app; sourceTree = BUILT_PRODUCTS_DIR; };
		145B66981FC199A100CC934C /* iMusicTests.xctest */ = {isa = PBXFileReference; explicitFileType = wrapper.cfbundle; includeInIndex = 0; path = iMusicTests.xctest; sourceTree = BUILT_PRODUCTS_DIR; };
		145B669E1FC199A100CC934C /* Info.plist */ = {isa = PBXFileReference; lastKnownFileType = text.plist.xml; path = Info.plist; sourceTree = "<group>"; };
		145B66A81FC19D4700CC934C /* Assets.xcassets */ = {isa = PBXFileReference; lastKnownFileType = folder.assetcatalog; path = Assets.xcassets; sourceTree = "<group>"; };
		145B66AA1FC19D4700CC934C /* Base */ = {isa = PBXFileReference; lastKnownFileType = file.storyboard; name = Base; path = Base.lproj/LaunchScreen.storyboard; sourceTree = "<group>"; };
		145B66AD1FC19D4700CC934C /* Info.plist */ = {isa = PBXFileReference; fileEncoding = 4; lastKnownFileType = text.plist.xml; path = Info.plist; sourceTree = "<group>"; };
		145B66AF1FC19D4700CC934C /* AppDelegate.swift */ = {isa = PBXFileReference; fileEncoding = 4; lastKnownFileType = sourcecode.swift; path = AppDelegate.swift; sourceTree = "<group>"; };
		145B66CB1FC19EFF00CC934C /* Constants.swift */ = {isa = PBXFileReference; lastKnownFileType = sourcecode.swift; path = Constants.swift; sourceTree = "<group>"; };
		145B66CD1FC19F2700CC934C /* UIColor+iMusic.swift */ = {isa = PBXFileReference; lastKnownFileType = sourcecode.swift; path = "UIColor+iMusic.swift"; sourceTree = "<group>"; };
		145B66CF1FC1A0A000CC934C /* APIClient.swift */ = {isa = PBXFileReference; lastKnownFileType = sourcecode.swift; path = APIClient.swift; sourceTree = "<group>"; };
		145B66D11FC1A22D00CC934C /* UIImageView+URLImage.swift */ = {isa = PBXFileReference; lastKnownFileType = sourcecode.swift; path = "UIImageView+URLImage.swift"; sourceTree = "<group>"; };
		145B66D31FC1A26400CC934C /* String+Localizables.swift */ = {isa = PBXFileReference; lastKnownFileType = sourcecode.swift; path = "String+Localizables.swift"; sourceTree = "<group>"; };
		145B66D51FC1A28D00CC934C /* MainRouter.swift */ = {isa = PBXFileReference; lastKnownFileType = sourcecode.swift; path = MainRouter.swift; sourceTree = "<group>"; };
		145B66EF1FC2148B00CC934C /* es */ = {isa = PBXFileReference; lastKnownFileType = text.plist.strings; name = es; path = es.lproj/LaunchScreen.strings; sourceTree = "<group>"; };
		145B66F11FC2149600CC934C /* en */ = {isa = PBXFileReference; lastKnownFileType = text.plist.strings; name = en; path = en.lproj/Localizable.strings; sourceTree = "<group>"; };
		145B66F31FC2149800CC934C /* es */ = {isa = PBXFileReference; lastKnownFileType = text.plist.strings; name = es; path = es.lproj/Localizable.strings; sourceTree = "<group>"; };
		1C19D7C937BA927D8225BC46 /* Pods-iMusic.debug.xcconfig */ = {isa = PBXFileReference; includeInIndex = 1; lastKnownFileType = text.xcconfig; name = "Pods-iMusic.debug.xcconfig"; path = "Pods/Target Support Files/Pods-iMusic/Pods-iMusic.debug.xcconfig"; sourceTree = "<group>"; };
		20AC2A7DCEEB5AA1F0CB7F88 /* Pods_iMusic.framework */ = {isa = PBXFileReference; explicitFileType = wrapper.framework; includeInIndex = 0; path = Pods_iMusic.framework; sourceTree = BUILT_PRODUCTS_DIR; };
		A11A6AFB21F0762400FDAC46 /* Pagination.swift */ = {isa = PBXFileReference; lastKnownFileType = sourcecode.swift; path = Pagination.swift; sourceTree = "<group>"; };
		A11A6AFD21F0DC8900FDAC46 /* UIView+iMusic.swift */ = {isa = PBXFileReference; lastKnownFileType = sourcecode.swift; path = "UIView+iMusic.swift"; sourceTree = "<group>"; };
		A11CD3A221EDC80400F0C6D4 /* APIRequest.swift */ = {isa = PBXFileReference; lastKnownFileType = sourcecode.swift; path = APIRequest.swift; sourceTree = "<group>"; };
		A11CD3A621EDCB9B00F0C6D4 /* APIError.swift */ = {isa = PBXFileReference; lastKnownFileType = sourcecode.swift; path = APIError.swift; sourceTree = "<group>"; };
		A11CD3AA21EDD04100F0C6D4 /* Result.swift */ = {isa = PBXFileReference; lastKnownFileType = sourcecode.swift; path = Result.swift; sourceTree = "<group>"; };
		A11CD3AC21EDD60300F0C6D4 /* FetchSearch.swift */ = {isa = PBXFileReference; lastKnownFileType = sourcecode.swift; path = FetchSearch.swift; sourceTree = "<group>"; };
		A11CD3AE21EDEAD000F0C6D4 /* DiscogsAPI.swift */ = {isa = PBXFileReference; lastKnownFileType = sourcecode.swift; path = DiscogsAPI.swift; sourceTree = "<group>"; };
		A11CD3B021EDEBBB00F0C6D4 /* API.swift */ = {isa = PBXFileReference; lastKnownFileType = sourcecode.swift; path = API.swift; sourceTree = "<group>"; };
		A11CD3B721EE2BC200F0C6D4 /* URLQueryItemEncoder.swift */ = {isa = PBXFileReference; lastKnownFileType = sourcecode.swift; path = URLQueryItemEncoder.swift; sourceTree = "<group>"; };
		A11CD3B921EE2BF300F0C6D4 /* HTTPParameter.swift */ = {isa = PBXFileReference; lastKnownFileType = sourcecode.swift; path = HTTPParameter.swift; sourceTree = "<group>"; };
		A11E5CCD21F1FADF0006C200 /* SearchDataSourceTests.swift */ = {isa = PBXFileReference; lastKnownFileType = sourcecode.swift; path = SearchDataSourceTests.swift; sourceTree = "<group>"; };
		A11E5CCF21F1FAF10006C200 /* SearchInteractorTests.swift */ = {isa = PBXFileReference; lastKnownFileType = sourcecode.swift; path = SearchInteractorTests.swift; sourceTree = "<group>"; };
		A11E5CD121F1FAFB0006C200 /* SearchViewModelTests.swift */ = {isa = PBXFileReference; lastKnownFileType = sourcecode.swift; path = SearchViewModelTests.swift; sourceTree = "<group>"; };
		A11E5CD321F1FB070006C200 /* APIClientTests.swift */ = {isa = PBXFileReference; lastKnownFileType = sourcecode.swift; path = APIClientTests.swift; sourceTree = "<group>"; };
		A163804521ECA53300C9BF9A /* UINavigationBar+iMusic.swift */ = {isa = PBXFileReference; lastKnownFileType = sourcecode.swift; path = "UINavigationBar+iMusic.swift"; sourceTree = "<group>"; };
		A163805421ECD36600C9BF9A /* Search.swift */ = {isa = PBXFileReference; lastKnownFileType = sourcecode.swift; path = Search.swift; sourceTree = "<group>"; };
		A1C18C07208A15EC008CC69B /* SearchCellViewModel.swift */ = {isa = PBXFileReference; fileEncoding = 4; lastKnownFileType = sourcecode.swift; path = SearchCellViewModel.swift; sourceTree = "<group>"; };
		A1C18C08208A15EC008CC69B /* SearchViewModel.swift */ = {isa = PBXFileReference; fileEncoding = 4; lastKnownFileType = sourcecode.swift; path = SearchViewModel.swift; sourceTree = "<group>"; };
		A1C18C0A208A15EC008CC69B /* SearchViewController.swift */ = {isa = PBXFileReference; fileEncoding = 4; lastKnownFileType = sourcecode.swift; path = SearchViewController.swift; sourceTree = "<group>"; };
		A1C18C0B208A15EC008CC69B /* SearchTableViewCell.swift */ = {isa = PBXFileReference; fileEncoding = 4; lastKnownFileType = sourcecode.swift; path = SearchTableViewCell.swift; sourceTree = "<group>"; };
		A1C18C0E208A15EC008CC69B /* SearchDataSource.swift */ = {isa = PBXFileReference; fileEncoding = 4; lastKnownFileType = sourcecode.swift; path = SearchDataSource.swift; sourceTree = "<group>"; };
		A1C18C10208A15EC008CC69B /* SearchRepository.swift */ = {isa = PBXFileReference; fileEncoding = 4; lastKnownFileType = sourcecode.swift; path = SearchRepository.swift; sourceTree = "<group>"; };
		A1C18C15208A15EC008CC69B /* SearchInteractor.swift */ = {isa = PBXFileReference; fileEncoding = 4; lastKnownFileType = sourcecode.swift; path = SearchInteractor.swift; sourceTree = "<group>"; };
		A1C18C17208A15EC008CC69B /* SearchRouter.swift */ = {isa = PBXFileReference; fileEncoding = 4; lastKnownFileType = sourcecode.swift; path = SearchRouter.swift; sourceTree = "<group>"; };
		A9A18FC1256A57A281FBA509 /* Pods-iMusic.release.xcconfig */ = {isa = PBXFileReference; includeInIndex = 1; lastKnownFileType = text.xcconfig; name = "Pods-iMusic.release.xcconfig"; path = "Pods/Target Support Files/Pods-iMusic/Pods-iMusic.release.xcconfig"; sourceTree = "<group>"; };
/* End PBXFileReference section */

/* Begin PBXFrameworksBuildPhase section */
		145B66811FC199A100CC934C /* Frameworks */ = {
			isa = PBXFrameworksBuildPhase;
			buildActionMask = 2147483647;
			files = (
				2E07F22E2F10156161084412 /* Pods_iMusic.framework in Frameworks */,
			);
			runOnlyForDeploymentPostprocessing = 0;
		};
		145B66951FC199A100CC934C /* Frameworks */ = {
			isa = PBXFrameworksBuildPhase;
			buildActionMask = 2147483647;
			files = (
			);
			runOnlyForDeploymentPostprocessing = 0;
		};
/* End PBXFrameworksBuildPhase section */

/* Begin PBXGroup section */
		145B667B1FC199A100CC934C = {
			isa = PBXGroup;
			children = (
				145B66861FC199A100CC934C /* iMusic */,
				145B669B1FC199A100CC934C /* iMusicTests */,
				145B66851FC199A100CC934C /* Products */,
				633D60B1C0803577F0AB6E77 /* Pods */,
				A495D43EE43F0AF4A26EE65B /* Frameworks */,
			);
			sourceTree = "<group>";
		};
		145B66851FC199A100CC934C /* Products */ = {
			isa = PBXGroup;
			children = (
				145B66841FC199A100CC934C /* iMusic.app */,
				145B66981FC199A100CC934C /* iMusicTests.xctest */,
			);
			name = Products;
			sourceTree = "<group>";
		};
		145B66861FC199A100CC934C /* iMusic */ = {
			isa = PBXGroup;
			children = (
				145B66AE1FC19D4700CC934C /* Code */,
				145B66A71FC19D4700CC934C /* Resources */,
			);
			path = iMusic;
			sourceTree = "<group>";
		};
		145B669B1FC199A100CC934C /* iMusicTests */ = {
			isa = PBXGroup;
			children = (
				A11E5CCA21F1FA9A0006C200 /* Search */,
				A11E5CC921F1FA880006C200 /* Core */,
				145B669E1FC199A100CC934C /* Info.plist */,
			);
			path = iMusicTests;
			sourceTree = "<group>";
		};
		145B66A71FC19D4700CC934C /* Resources */ = {
			isa = PBXGroup;
			children = (
				145B66A81FC19D4700CC934C /* Assets.xcassets */,
				145B66AD1FC19D4700CC934C /* Info.plist */,
				145B66A91FC19D4700CC934C /* LaunchScreen.storyboard */,
				145B66F21FC2149600CC934C /* Localizable.strings */,
			);
			path = Resources;
			sourceTree = "<group>";
		};
		145B66AE1FC19D4700CC934C /* Code */ = {
			isa = PBXGroup;
			children = (
				145B66AF1FC19D4700CC934C /* AppDelegate.swift */,
				145B66B01FC19D4700CC934C /* Commons */,
				A163805221ECCEE000C9BF9A /* Core */,
				145B66B51FC19D4700CC934C /* Modules */,
			);
			path = Code;
			sourceTree = "<group>";
		};
		145B66B01FC19D4700CC934C /* Commons */ = {
			isa = PBXGroup;
			children = (
				145B66CB1FC19EFF00CC934C /* Constants.swift */,
				145B66B21FC19D4700CC934C /* Extensions */,
				145B66B41FC19D4700CC934C /* Router */,
			);
			path = Commons;
			sourceTree = "<group>";
		};
		145B66B11FC19D4700CC934C /* Data */ = {
			isa = PBXGroup;
			children = (
				A163804A21ECC87500C9BF9A /* DataSource */,
				A163804B21ECC88300C9BF9A /* Model */,
			);
			path = Data;
			sourceTree = "<group>";
		};
		145B66B21FC19D4700CC934C /* Extensions */ = {
			isa = PBXGroup;
			children = (
				A11CD3B921EE2BF300F0C6D4 /* HTTPParameter.swift */,
				145B66D31FC1A26400CC934C /* String+Localizables.swift */,
				145B66CD1FC19F2700CC934C /* UIColor+iMusic.swift */,
				145B66D11FC1A22D00CC934C /* UIImageView+URLImage.swift */,
				A163804521ECA53300C9BF9A /* UINavigationBar+iMusic.swift */,
				A11A6AFD21F0DC8900FDAC46 /* UIView+iMusic.swift */,
				A11CD3B721EE2BC200F0C6D4 /* URLQueryItemEncoder.swift */,
			);
			path = Extensions;
			sourceTree = "<group>";
		};
		145B66B41FC19D4700CC934C /* Router */ = {
			isa = PBXGroup;
			children = (
				145B66D51FC1A28D00CC934C /* MainRouter.swift */,
			);
			path = Router;
			sourceTree = "<group>";
		};
		145B66B51FC19D4700CC934C /* Modules */ = {
			isa = PBXGroup;
			children = (
				A1C18C04208A15EC008CC69B /* Search */,
			);
			path = Modules;
			sourceTree = "<group>";
		};
		633D60B1C0803577F0AB6E77 /* Pods */ = {
			isa = PBXGroup;
			children = (
				1C19D7C937BA927D8225BC46 /* Pods-iMusic.debug.xcconfig */,
				A9A18FC1256A57A281FBA509 /* Pods-iMusic.release.xcconfig */,
			);
			name = Pods;
			sourceTree = "<group>";
		};
		A11E5CC921F1FA880006C200 /* Core */ = {
			isa = PBXGroup;
			children = (
				A11E5CD321F1FB070006C200 /* APIClientTests.swift */,
			);
			path = Core;
			sourceTree = "<group>";
		};
		A11E5CCA21F1FA9A0006C200 /* Search */ = {
			isa = PBXGroup;
			children = (
				A11E5CCC21F1FAAD0006C200 /* Data */,
				A11E5CCB21F1FAA50006C200 /* ViewModel */,
			);
			path = Search;
			sourceTree = "<group>";
		};
		A11E5CCB21F1FAA50006C200 /* ViewModel */ = {
			isa = PBXGroup;
			children = (
				A11E5CD121F1FAFB0006C200 /* SearchViewModelTests.swift */,
			);
			path = ViewModel;
			sourceTree = "<group>";
		};
		A11E5CCC21F1FAAD0006C200 /* Data */ = {
			isa = PBXGroup;
			children = (
				A11E5CCD21F1FADF0006C200 /* SearchDataSourceTests.swift */,
				A11E5CCF21F1FAF10006C200 /* SearchInteractorTests.swift */,
			);
			path = Data;
			sourceTree = "<group>";
		};
		A163804A21ECC87500C9BF9A /* DataSource */ = {
			isa = PBXGroup;
			children = (
				A11CD3B021EDEBBB00F0C6D4 /* API.swift */,
				145B66CF1FC1A0A000CC934C /* APIClient.swift */,
				A11CD3A621EDCB9B00F0C6D4 /* APIError.swift */,
				A11CD3A221EDC80400F0C6D4 /* APIRequest.swift */,
				A11CD3AE21EDEAD000F0C6D4 /* DiscogsAPI.swift */,
			);
			path = DataSource;
			sourceTree = "<group>";
		};
		A163804B21ECC88300C9BF9A /* Model */ = {
			isa = PBXGroup;
			children = (
				A11A6AFB21F0762400FDAC46 /* Pagination.swift */,
				A11CD3AA21EDD04100F0C6D4 /* Result.swift */,
			);
			path = Model;
			sourceTree = "<group>";
		};
		A163805221ECCEE000C9BF9A /* Core */ = {
			isa = PBXGroup;
			children = (
				145B66B11FC19D4700CC934C /* Data */,
			);
			path = Core;
			sourceTree = "<group>";
		};
		A163805321ECD34C00C9BF9A /* Mapper */ = {
			isa = PBXGroup;
			children = (
				A163805421ECD36600C9BF9A /* Search.swift */,
			);
			path = Mapper;
			sourceTree = "<group>";
		};
		A1C18C04208A15EC008CC69B /* Search */ = {
			isa = PBXGroup;
			children = (
				A1C18C0C208A15EC008CC69B /* Data */,
				A1C18C05208A15EC008CC69B /* UI */,
			);
			path = Search;
			sourceTree = "<group>";
		};
		A1C18C05208A15EC008CC69B /* UI */ = {
			isa = PBXGroup;
			children = (
				A1C18C16208A15EC008CC69B /* Router */,
				A1C18C09208A15EC008CC69B /* View */,
				A1C18C06208A15EC008CC69B /* ViewModel */,
			);
			path = UI;
			sourceTree = "<group>";
		};
		A1C18C06208A15EC008CC69B /* ViewModel */ = {
			isa = PBXGroup;
			children = (
				A1C18C07208A15EC008CC69B /* SearchCellViewModel.swift */,
				A1C18C08208A15EC008CC69B /* SearchViewModel.swift */,
			);
			path = ViewModel;
			sourceTree = "<group>";
		};
		A1C18C09208A15EC008CC69B /* View */ = {
			isa = PBXGroup;
			children = (
				A1C18C0A208A15EC008CC69B /* SearchViewController.swift */,
				A1C18C0B208A15EC008CC69B /* SearchTableViewCell.swift */,
			);
			path = View;
			sourceTree = "<group>";
		};
		A1C18C0C208A15EC008CC69B /* Data */ = {
			isa = PBXGroup;
			children = (
				A1C18C0D208A15EC008CC69B /* DataSource */,
				A1C18C14208A15EC008CC69B /* Interactor */,
				A163805321ECD34C00C9BF9A /* Mapper */,
				A1C18C0F208A15EC008CC69B /* Repository */,
			);
			path = Data;
			sourceTree = "<group>";
		};
		A1C18C0D208A15EC008CC69B /* DataSource */ = {
			isa = PBXGroup;
			children = (
				A1C18C0E208A15EC008CC69B /* SearchDataSource.swift */,
				A11CD3AC21EDD60300F0C6D4 /* FetchSearch.swift */,
			);
			path = DataSource;
			sourceTree = "<group>";
		};
		A1C18C0F208A15EC008CC69B /* Repository */ = {
			isa = PBXGroup;
			children = (
				A1C18C10208A15EC008CC69B /* SearchRepository.swift */,
			);
			path = Repository;
			sourceTree = "<group>";
		};
		A1C18C14208A15EC008CC69B /* Interactor */ = {
			isa = PBXGroup;
			children = (
				A1C18C15208A15EC008CC69B /* SearchInteractor.swift */,
			);
			path = Interactor;
			sourceTree = "<group>";
		};
		A1C18C16208A15EC008CC69B /* Router */ = {
			isa = PBXGroup;
			children = (
				A1C18C17208A15EC008CC69B /* SearchRouter.swift */,
			);
			path = Router;
			sourceTree = "<group>";
		};
		A495D43EE43F0AF4A26EE65B /* Frameworks */ = {
			isa = PBXGroup;
			children = (
				20AC2A7DCEEB5AA1F0CB7F88 /* Pods_iMusic.framework */,
			);
			name = Frameworks;
			sourceTree = "<group>";
		};
/* End PBXGroup section */

/* Begin PBXNativeTarget section */
		145B66831FC199A100CC934C /* iMusic */ = {
			isa = PBXNativeTarget;
			buildConfigurationList = 145B66A11FC199A100CC934C /* Build configuration list for PBXNativeTarget "iMusic" */;
			buildPhases = (
				2D9A18C5AFACC1D76CD5E45F /* [CP] Check Pods Manifest.lock */,
				145B66801FC199A100CC934C /* Sources */,
				145B66811FC199A100CC934C /* Frameworks */,
				145B66821FC199A100CC934C /* Resources */,
			);
			buildRules = (
			);
			dependencies = (
			);
			name = iMusic;
			productName = iMusic;
			productReference = 145B66841FC199A100CC934C /* iMusic.app */;
			productType = "com.apple.product-type.application";
		};
		145B66971FC199A100CC934C /* iMusicTests */ = {
			isa = PBXNativeTarget;
			buildConfigurationList = 145B66A41FC199A100CC934C /* Build configuration list for PBXNativeTarget "iMusicTests" */;
			buildPhases = (
				145B66941FC199A100CC934C /* Sources */,
				145B66951FC199A100CC934C /* Frameworks */,
				145B66961FC199A100CC934C /* Resources */,
			);
			buildRules = (
			);
			dependencies = (
				145B669A1FC199A100CC934C /* PBXTargetDependency */,
			);
			name = iMusicTests;
			productName = iMusicTests;
			productReference = 145B66981FC199A100CC934C /* iMusicTests.xctest */;
			productType = "com.apple.product-type.bundle.unit-test";
		};
/* End PBXNativeTarget section */

/* Begin PBXProject section */
		145B667C1FC199A100CC934C /* Project object */ = {
			isa = PBXProject;
			attributes = {
				LastSwiftUpdateCheck = 0910;
				LastUpgradeCheck = 0930;
				ORGANIZATIONNAME = "José María Ila";
				TargetAttributes = {
					145B66831FC199A100CC934C = {
						CreatedOnToolsVersion = 9.1;
						LastSwiftMigration = 1010;
						ProvisioningStyle = Manual;
					};
					145B66971FC199A100CC934C = {
						CreatedOnToolsVersion = 9.1;
						LastSwiftMigration = 1010;
						ProvisioningStyle = Automatic;
						TestTargetID = 145B66831FC199A100CC934C;
					};
				};
			};
			buildConfigurationList = 145B667F1FC199A100CC934C /* Build configuration list for PBXProject "iMusic" */;
			compatibilityVersion = "Xcode 8.0";
			developmentRegion = en;
			hasScannedForEncodings = 0;
			knownRegions = (
				en,
				Base,
				es,
			);
			mainGroup = 145B667B1FC199A100CC934C;
			productRefGroup = 145B66851FC199A100CC934C /* Products */;
			projectDirPath = "";
			projectRoot = "";
			targets = (
				145B66831FC199A100CC934C /* iMusic */,
				145B66971FC199A100CC934C /* iMusicTests */,
			);
		};
/* End PBXProject section */

/* Begin PBXResourcesBuildPhase section */
		145B66821FC199A100CC934C /* Resources */ = {
			isa = PBXResourcesBuildPhase;
			buildActionMask = 2147483647;
			files = (
				145B66F01FC2149600CC934C /* Localizable.strings in Resources */,
				145B66C51FC19D4700CC934C /* Assets.xcassets in Resources */,
				145B66C61FC19D4700CC934C /* LaunchScreen.storyboard in Resources */,
			);
			runOnlyForDeploymentPostprocessing = 0;
		};
		145B66961FC199A100CC934C /* Resources */ = {
			isa = PBXResourcesBuildPhase;
			buildActionMask = 2147483647;
			files = (
			);
			runOnlyForDeploymentPostprocessing = 0;
		};
/* End PBXResourcesBuildPhase section */

/* Begin PBXShellScriptBuildPhase section */
		2D9A18C5AFACC1D76CD5E45F /* [CP] Check Pods Manifest.lock */ = {
			isa = PBXShellScriptBuildPhase;
			buildActionMask = 2147483647;
			files = (
			);
			inputPaths = (
				"${PODS_PODFILE_DIR_PATH}/Podfile.lock",
				"${PODS_ROOT}/Manifest.lock",
			);
			name = "[CP] Check Pods Manifest.lock";
			outputPaths = (
				"$(DERIVED_FILE_DIR)/Pods-iMusic-checkManifestLockResult.txt",
			);
			runOnlyForDeploymentPostprocessing = 0;
			shellPath = /bin/sh;
			shellScript = "diff \"${PODS_PODFILE_DIR_PATH}/Podfile.lock\" \"${PODS_ROOT}/Manifest.lock\" > /dev/null\nif [ $? != 0 ] ; then\n    # print error to STDERR\n    echo \"error: The sandbox is not in sync with the Podfile.lock. Run 'pod install' or update your CocoaPods installation.\" >&2\n    exit 1\nfi\n# This output is used by Xcode 'outputs' to avoid re-running this script phase.\necho \"SUCCESS\" > \"${SCRIPT_OUTPUT_FILE_0}\"\n";
			showEnvVarsInLog = 0;
		};
/* End PBXShellScriptBuildPhase section */

/* Begin PBXSourcesBuildPhase section */
		145B66801FC199A100CC934C /* Sources */ = {
			isa = PBXSourcesBuildPhase;
			buildActionMask = 2147483647;
			files = (
				A11A6AFC21F0762400FDAC46 /* Pagination.swift in Sources */,
				145B66CE1FC19F2700CC934C /* UIColor+iMusic.swift in Sources */,
				A1C18C22208A15EC008CC69B /* SearchViewModel.swift in Sources */,
				A11CD3AF21EDEAD000F0C6D4 /* DiscogsAPI.swift in Sources */,
				145B66D61FC1A28D00CC934C /* MainRouter.swift in Sources */,
				A11CD3A321EDC80400F0C6D4 /* APIRequest.swift in Sources */,
				A1C18C23208A15EC008CC69B /* SearchViewController.swift in Sources */,
				A1C18C25208A15EC008CC69B /* SearchDataSource.swift in Sources */,
				A1C18C29208A15EC008CC69B /* SearchInteractor.swift in Sources */,
				A1C18C21208A15EC008CC69B /* SearchCellViewModel.swift in Sources */,
				A11CD3B821EE2BC200F0C6D4 /* URLQueryItemEncoder.swift in Sources */,
				A1C18C2A208A15EC008CC69B /* SearchRouter.swift in Sources */,
				A1C18C24208A15EC008CC69B /* SearchTableViewCell.swift in Sources */,
				A11CD3AD21EDD60300F0C6D4 /* FetchSearch.swift in Sources */,
				145B66C91FC19D4700CC934C /* AppDelegate.swift in Sources */,
				A1C18C26208A15EC008CC69B /* SearchRepository.swift in Sources */,
				A163805521ECD36600C9BF9A /* Search.swift in Sources */,
				A11CD3AB21EDD04100F0C6D4 /* Result.swift in Sources */,
				A163804621ECA53300C9BF9A /* UINavigationBar+iMusic.swift in Sources */,
				A11CD3BA21EE2BF300F0C6D4 /* HTTPParameter.swift in Sources */,
				A11CD3B121EDEBBB00F0C6D4 /* API.swift in Sources */,
				145B66D01FC1A0A000CC934C /* APIClient.swift in Sources */,
				145B66CC1FC19EFF00CC934C /* Constants.swift in Sources */,
				A11A6AFE21F0DC8900FDAC46 /* UIView+iMusic.swift in Sources */,
				145B66D21FC1A22D00CC934C /* UIImageView+URLImage.swift in Sources */,
				145B66D41FC1A26400CC934C /* String+Localizables.swift in Sources */,
				A11CD3A721EDCB9B00F0C6D4 /* APIError.swift in Sources */,
			);
			runOnlyForDeploymentPostprocessing = 0;
		};
		145B66941FC199A100CC934C /* Sources */ = {
			isa = PBXSourcesBuildPhase;
			buildActionMask = 2147483647;
			files = (
				A11E5CCE21F1FADF0006C200 /* SearchDataSourceTests.swift in Sources */,
				A11E5CD221F1FAFB0006C200 /* SearchViewModelTests.swift in Sources */,
				A11E5CD421F1FB070006C200 /* APIClientTests.swift in Sources */,
				A11E5CD021F1FAF10006C200 /* SearchInteractorTests.swift in Sources */,
			);
			runOnlyForDeploymentPostprocessing = 0;
		};
/* End PBXSourcesBuildPhase section */

/* Begin PBXTargetDependency section */
		145B669A1FC199A100CC934C /* PBXTargetDependency */ = {
			isa = PBXTargetDependency;
			target = 145B66831FC199A100CC934C /* iMusic */;
			targetProxy = 145B66991FC199A100CC934C /* PBXContainerItemProxy */;
		};
/* End PBXTargetDependency section */

/* Begin PBXVariantGroup section */
		145B66A91FC19D4700CC934C /* LaunchScreen.storyboard */ = {
			isa = PBXVariantGroup;
			children = (
				145B66AA1FC19D4700CC934C /* Base */,
				145B66EF1FC2148B00CC934C /* es */,
			);
			name = LaunchScreen.storyboard;
			sourceTree = "<group>";
		};
		145B66F21FC2149600CC934C /* Localizable.strings */ = {
			isa = PBXVariantGroup;
			children = (
				145B66F11FC2149600CC934C /* en */,
				145B66F31FC2149800CC934C /* es */,
			);
			name = Localizable.strings;
			sourceTree = "<group>";
		};
/* End PBXVariantGroup section */

/* Begin XCBuildConfiguration section */
		145B669F1FC199A100CC934C /* Debug */ = {
			isa = XCBuildConfiguration;
			buildSettings = {
				ALWAYS_SEARCH_USER_PATHS = NO;
				CLANG_ANALYZER_LOCALIZABILITY_NONLOCALIZED = YES;
				CLANG_ANALYZER_NONNULL = YES;
				CLANG_ANALYZER_NUMBER_OBJECT_CONVERSION = YES_AGGRESSIVE;
				CLANG_CXX_LANGUAGE_STANDARD = "gnu++14";
				CLANG_CXX_LIBRARY = "libc++";
				CLANG_ENABLE_MODULES = YES;
				CLANG_ENABLE_OBJC_ARC = YES;
				CLANG_WARN_BLOCK_CAPTURE_AUTORELEASING = YES;
				CLANG_WARN_BOOL_CONVERSION = YES;
				CLANG_WARN_COMMA = YES;
				CLANG_WARN_CONSTANT_CONVERSION = YES;
				CLANG_WARN_DEPRECATED_OBJC_IMPLEMENTATIONS = YES;
				CLANG_WARN_DIRECT_OBJC_ISA_USAGE = YES_ERROR;
				CLANG_WARN_DOCUMENTATION_COMMENTS = YES;
				CLANG_WARN_EMPTY_BODY = YES;
				CLANG_WARN_ENUM_CONVERSION = YES;
				CLANG_WARN_INFINITE_RECURSION = YES;
				CLANG_WARN_INT_CONVERSION = YES;
				CLANG_WARN_NON_LITERAL_NULL_CONVERSION = YES;
				CLANG_WARN_OBJC_IMPLICIT_RETAIN_SELF = YES;
				CLANG_WARN_OBJC_LITERAL_CONVERSION = YES;
				CLANG_WARN_OBJC_ROOT_CLASS = YES_ERROR;
				CLANG_WARN_RANGE_LOOP_ANALYSIS = YES;
				CLANG_WARN_STRICT_PROTOTYPES = YES;
				CLANG_WARN_SUSPICIOUS_MOVE = YES;
				CLANG_WARN_UNGUARDED_AVAILABILITY = YES_AGGRESSIVE;
				CLANG_WARN_UNREACHABLE_CODE = YES;
				CLANG_WARN__DUPLICATE_METHOD_MATCH = YES;
				CODE_SIGN_IDENTITY = "iPhone Developer";
				COPY_PHASE_STRIP = NO;
				DEBUG_INFORMATION_FORMAT = dwarf;
				ENABLE_STRICT_OBJC_MSGSEND = YES;
				ENABLE_TESTABILITY = YES;
				GCC_C_LANGUAGE_STANDARD = gnu11;
				GCC_DYNAMIC_NO_PIC = NO;
				GCC_NO_COMMON_BLOCKS = YES;
				GCC_OPTIMIZATION_LEVEL = 0;
				GCC_PREPROCESSOR_DEFINITIONS = (
					"DEBUG=1",
					"$(inherited)",
				);
				GCC_WARN_64_TO_32_BIT_CONVERSION = YES;
				GCC_WARN_ABOUT_RETURN_TYPE = YES_ERROR;
				GCC_WARN_UNDECLARED_SELECTOR = YES;
				GCC_WARN_UNINITIALIZED_AUTOS = YES_AGGRESSIVE;
				GCC_WARN_UNUSED_FUNCTION = YES;
				GCC_WARN_UNUSED_VARIABLE = YES;
				IPHONEOS_DEPLOYMENT_TARGET = 11.0;
				MTL_ENABLE_DEBUG_INFO = YES;
				ONLY_ACTIVE_ARCH = YES;
				SDKROOT = iphoneos;
				SWIFT_ACTIVE_COMPILATION_CONDITIONS = DEBUG;
				SWIFT_OPTIMIZATION_LEVEL = "-Onone";
			};
			name = Debug;
		};
		145B66A01FC199A100CC934C /* Release */ = {
			isa = XCBuildConfiguration;
			buildSettings = {
				ALWAYS_SEARCH_USER_PATHS = NO;
				CLANG_ANALYZER_LOCALIZABILITY_NONLOCALIZED = YES;
				CLANG_ANALYZER_NONNULL = YES;
				CLANG_ANALYZER_NUMBER_OBJECT_CONVERSION = YES_AGGRESSIVE;
				CLANG_CXX_LANGUAGE_STANDARD = "gnu++14";
				CLANG_CXX_LIBRARY = "libc++";
				CLANG_ENABLE_MODULES = YES;
				CLANG_ENABLE_OBJC_ARC = YES;
				CLANG_WARN_BLOCK_CAPTURE_AUTORELEASING = YES;
				CLANG_WARN_BOOL_CONVERSION = YES;
				CLANG_WARN_COMMA = YES;
				CLANG_WARN_CONSTANT_CONVERSION = YES;
				CLANG_WARN_DEPRECATED_OBJC_IMPLEMENTATIONS = YES;
				CLANG_WARN_DIRECT_OBJC_ISA_USAGE = YES_ERROR;
				CLANG_WARN_DOCUMENTATION_COMMENTS = YES;
				CLANG_WARN_EMPTY_BODY = YES;
				CLANG_WARN_ENUM_CONVERSION = YES;
				CLANG_WARN_INFINITE_RECURSION = YES;
				CLANG_WARN_INT_CONVERSION = YES;
				CLANG_WARN_NON_LITERAL_NULL_CONVERSION = YES;
				CLANG_WARN_OBJC_IMPLICIT_RETAIN_SELF = YES;
				CLANG_WARN_OBJC_LITERAL_CONVERSION = YES;
				CLANG_WARN_OBJC_ROOT_CLASS = YES_ERROR;
				CLANG_WARN_RANGE_LOOP_ANALYSIS = YES;
				CLANG_WARN_STRICT_PROTOTYPES = YES;
				CLANG_WARN_SUSPICIOUS_MOVE = YES;
				CLANG_WARN_UNGUARDED_AVAILABILITY = YES_AGGRESSIVE;
				CLANG_WARN_UNREACHABLE_CODE = YES;
				CLANG_WARN__DUPLICATE_METHOD_MATCH = YES;
				CODE_SIGN_IDENTITY = "iPhone Developer";
				COPY_PHASE_STRIP = NO;
				DEBUG_INFORMATION_FORMAT = "dwarf-with-dsym";
				ENABLE_NS_ASSERTIONS = NO;
				ENABLE_STRICT_OBJC_MSGSEND = YES;
				GCC_C_LANGUAGE_STANDARD = gnu11;
				GCC_NO_COMMON_BLOCKS = YES;
				GCC_WARN_64_TO_32_BIT_CONVERSION = YES;
				GCC_WARN_ABOUT_RETURN_TYPE = YES_ERROR;
				GCC_WARN_UNDECLARED_SELECTOR = YES;
				GCC_WARN_UNINITIALIZED_AUTOS = YES_AGGRESSIVE;
				GCC_WARN_UNUSED_FUNCTION = YES;
				GCC_WARN_UNUSED_VARIABLE = YES;
				IPHONEOS_DEPLOYMENT_TARGET = 11.0;
				MTL_ENABLE_DEBUG_INFO = NO;
				SDKROOT = iphoneos;
				SWIFT_OPTIMIZATION_LEVEL = "-Owholemodule";
				VALIDATE_PRODUCT = YES;
			};
			name = Release;
		};
		145B66A21FC199A100CC934C /* Debug */ = {
			isa = XCBuildConfiguration;
			baseConfigurationReference = 1C19D7C937BA927D8225BC46 /* Pods-iMusic.debug.xcconfig */;
			buildSettings = {
				ASSETCATALOG_COMPILER_APPICON_NAME = AppIcon;
				ASSETCATALOG_COMPILER_LAUNCHIMAGE_NAME = LaunchImage;
				CODE_SIGN_STYLE = Manual;
				DEVELOPMENT_TEAM = "";
				INFOPLIST_FILE = "$(SRCROOT)/iMusic/Resources/Info.plist";
				IPHONEOS_DEPLOYMENT_TARGET = 11.0;
				LD_RUNPATH_SEARCH_PATHS = "$(inherited) @executable_path/Frameworks";
				PRODUCT_BUNDLE_IDENTIFIER = com.jmila.imusic;
				PRODUCT_NAME = "$(TARGET_NAME)";
				PROVISIONING_PROFILE_SPECIFIER = "";
				SWIFT_VERSION = 4.2;
				TARGETED_DEVICE_FAMILY = 1;
			};
			name = Debug;
		};
		145B66A31FC199A100CC934C /* Release */ = {
			isa = XCBuildConfiguration;
			baseConfigurationReference = A9A18FC1256A57A281FBA509 /* Pods-iMusic.release.xcconfig */;
			buildSettings = {
				ASSETCATALOG_COMPILER_APPICON_NAME = AppIcon;
				ASSETCATALOG_COMPILER_LAUNCHIMAGE_NAME = LaunchImage;
				CODE_SIGN_STYLE = Manual;
				DEVELOPMENT_TEAM = "";
				INFOPLIST_FILE = "$(SRCROOT)/iMusic/Resources/Info.plist";
				IPHONEOS_DEPLOYMENT_TARGET = 11.0;
				LD_RUNPATH_SEARCH_PATHS = "$(inherited) @executable_path/Frameworks";
				PRODUCT_BUNDLE_IDENTIFIER = com.jmila.imusic;
				PRODUCT_NAME = "$(TARGET_NAME)";
				PROVISIONING_PROFILE_SPECIFIER = "";
				SWIFT_VERSION = 4.2;
				TARGETED_DEVICE_FAMILY = 1;
			};
			name = Release;
		};
		145B66A51FC199A100CC934C /* Debug */ = {
			isa = XCBuildConfiguration;
			buildSettings = {
				ALWAYS_EMBED_SWIFT_STANDARD_LIBRARIES = YES;
				BUNDLE_LOADER = "$(TEST_HOST)";
				CODE_SIGN_STYLE = Automatic;
				INFOPLIST_FILE = iMusicTests/Info.plist;
				LD_RUNPATH_SEARCH_PATHS = "$(inherited) @executable_path/Frameworks @loader_path/Frameworks";
				PRODUCT_BUNDLE_IDENTIFIER = com.jmila.iMusicTests;
				PRODUCT_NAME = "$(TARGET_NAME)";
				SWIFT_VERSION = 4.2;
				TARGETED_DEVICE_FAMILY = "1,2";
				TEST_HOST = "$(BUILT_PRODUCTS_DIR)/iMusic.app/iMusic";
			};
			name = Debug;
		};
		145B66A61FC199A100CC934C /* Release */ = {
			isa = XCBuildConfiguration;
			buildSettings = {
				ALWAYS_EMBED_SWIFT_STANDARD_LIBRARIES = YES;
				BUNDLE_LOADER = "$(TEST_HOST)";
				CODE_SIGN_STYLE = Automatic;
				INFOPLIST_FILE = iMusicTests/Info.plist;
				LD_RUNPATH_SEARCH_PATHS = "$(inherited) @executable_path/Frameworks @loader_path/Frameworks";
				PRODUCT_BUNDLE_IDENTIFIER = com.jmila.iMusicTests;
				PRODUCT_NAME = "$(TARGET_NAME)";
				SWIFT_VERSION = 4.2;
				TARGETED_DEVICE_FAMILY = "1,2";
				TEST_HOST = "$(BUILT_PRODUCTS_DIR)/iMusic.app/iMusic";
			};
			name = Release;
		};
/* End XCBuildConfiguration section */

/* Begin XCConfigurationList section */
		145B667F1FC199A100CC934C /* Build configuration list for PBXProject "iMusic" */ = {
			isa = XCConfigurationList;
			buildConfigurations = (
				145B669F1FC199A100CC934C /* Debug */,
				145B66A01FC199A100CC934C /* Release */,
			);
			defaultConfigurationIsVisible = 0;
			defaultConfigurationName = Release;
		};
		145B66A11FC199A100CC934C /* Build configuration list for PBXNativeTarget "iMusic" */ = {
			isa = XCConfigurationList;
			buildConfigurations = (
				145B66A21FC199A100CC934C /* Debug */,
				145B66A31FC199A100CC934C /* Release */,
			);
			defaultConfigurationIsVisible = 0;
			defaultConfigurationName = Release;
		};
		145B66A41FC199A100CC934C /* Build configuration list for PBXNativeTarget "iMusicTests" */ = {
			isa = XCConfigurationList;
			buildConfigurations = (
				145B66A51FC199A100CC934C /* Debug */,
				145B66A61FC199A100CC934C /* Release */,
			);
			defaultConfigurationIsVisible = 0;
			defaultConfigurationName = Release;
		};
/* End XCConfigurationList section */
	};
	rootObject = 145B667C1FC199A100CC934C /* Project object */;
}
